// !$*UTF8*$!
{
	archiveVersion = 1;
	classes = {
	};
	objectVersion = 56;
	objects = {

/* Begin PBXBuildFile section */
		1B14332DB2AF4169DA37CBF5 /* MeshRepairResult.swift in Sources */ = {isa = PBXBuildFile; fileRef = 1EAF6F13CDCD2007BB7A510D /* MeshRepairResult.swift */; };
		3388836B2ED53F5C00CF1221 /* 3DPlaneCalibrator.swift in Sources */ = {isa = PBXBuildFile; fileRef = 3388836A2ED53F5C00CF1221 /* 3DPlaneCalibrator.swift */; };
		3388836D2ED53F8200CF1221 /* CalibrationStatusCard.swift in Sources */ = {isa = PBXBuildFile; fileRef = 3388836C2ED53F8200CF1221 /* CalibrationStatusCard.swift */; };
		33889D7CA7C851806444F9B7 /* ScannedObjectsGalleryView.swift in Sources */ = {isa = PBXBuildFile; fileRef = 338889DFD6925C71B4664BBE /* ScannedObjectsGalleryView.swift */; };
		33889F5868897A0F94B3194A /* SimpleCalibration.swift in Sources */ = {isa = PBXBuildFile; fileRef = 3388886A2FD6918374E9C8D5 /* SimpleCalibration.swift */; };
		33889FD318560558D4513931 /* ScannedObject.swift in Sources */ = {isa = PBXBuildFile; fileRef = 338885E0FDBFBAF48479BB9E /* ScannedObject.swift */; };
		33E986922ED139130051DF7B /* MeasurementView.swift in Sources */ = {isa = PBXBuildFile; fileRef = 33E986912ED139130051DF7B /* MeasurementView.swift */; };
		3B1C31C816F75F1DAF972C3E /* MeshAnalyzer.swift in Sources */ = {isa = PBXBuildFile; fileRef = 8D86202AD90E7F8A66969470 /* MeshAnalyzer.swift */; };
		3D0411A51D4B06EAA4065724 /* PointCloudCompletion.mlpackage in Resources */ = {isa = PBXBuildFile; fileRef = ADA0FB93CDD7994EB795AEA6 /* PointCloudCompletion.mlpackage */; };
		4402EC0F3C20C6DBE7F2224E /* PoissonWrapper.cpp in Sources */ = {isa = PBXBuildFile; fileRef = F37AD7C51206F40F4F056B41 /* PoissonWrapper.cpp */; };
		4711FF497563305FC6BFC94C /* PoissonMeshRepair.swift in Sources */ = {isa = PBXBuildFile; fileRef = 5497C9C16CB5F2C7FAC64FEF /* PoissonMeshRepair.swift */; };
		4A1C31C816F75F1DAF972C3F /* MeshSimplifier.swift in Sources */ = {isa = PBXBuildFile; fileRef = 9D86202AD90E7F8A66969471 /* MeshSimplifier.swift */; };
		4A1C31C816F75F1DAF972C40 /* QuadricErrorMetrics.swift in Sources */ = {isa = PBXBuildFile; fileRef = 9D86202AD90E7F8A66969472 /* QuadricErrorMetrics.swift */; };
		4A1C31C816F75F1DAF972C41 /* VertexClusterSimplifier.swift in Sources */ = {isa = PBXBuildFile; fileRef = 9D86202AD90E7F8A66969473 /* VertexClusterSimplifier.swift */; };
		600E015903DB930717F3A140 /* MeshSimplificationView.swift in Sources */ = {isa = PBXBuildFile; fileRef = ED1CF9476251D86D98F7137B /* MeshSimplificationView.swift */; };
		650FE2C51F6ED236B5C37CF4 /* ScanDatabaseManager.swift in Sources */ = {isa = PBXBuildFile; fileRef = 756EC76F82EA9788866182F7 /* ScanDatabaseManager.swift */; };
		7366D8D3ECC645C224498A04 /* ScanResultLogger.swift in Sources */ = {isa = PBXBuildFile; fileRef = 602E48B90DFC43327E011B3B /* ScanResultLogger.swift */; };
		81322D383068CB1DE6CC3A41 /* MeshFixBridge.mm in Sources */ = {isa = PBXBuildFile; fileRef = 271A1D81DFB3F36B479F6050 /* MeshFixBridge.mm */; };
		9732658FA9E1654A5332C017 /* NormalEstimator.swift in Sources */ = {isa = PBXBuildFile; fileRef = 77A7A18EFABA4FC2786B092F /* NormalEstimator.swift */; };
		9DB5077C6414EF40C084D39E /* MeshFixWrapper.cpp in Sources */ = {isa = PBXBuildFile; fileRef = A2AC165EFFE0354AF85D79BB /* MeshFixWrapper.cpp */; };
		A100000000000001 /* 3DApp.swift in Sources */ = {isa = PBXBuildFile; fileRef = A200000000000001 /* 3DApp.swift */; };
		A100000000000002 /* ContentView.swift in Sources */ = {isa = PBXBuildFile; fileRef = A200000000000002 /* ContentView.swift */; };
		A100000000000003 /* CaptureState+.swift in Sources */ = {isa = PBXBuildFile; fileRef = A200000000000003 /* CaptureState+.swift */; };
		A100000000000004 /* CreateButton.swift in Sources */ = {isa = PBXBuildFile; fileRef = A200000000000004 /* CreateButton.swift */; };
		A100000000000005 /* ARQuickLookView.swift in Sources */ = {isa = PBXBuildFile; fileRef = A200000000000005 /* ARQuickLookView.swift */; };
		A100000000000006 /* Assets.xcassets in Resources */ = {isa = PBXBuildFile; fileRef = A200000000000006 /* Assets.xcassets */; };
		A100000000000007 /* OnboardingView.swift in Sources */ = {isa = PBXBuildFile; fileRef = A200000000000008 /* OnboardingView.swift */; };
		A100000000000008 /* FeedbackManager.swift in Sources */ = {isa = PBXBuildFile; fileRef = A200000000000009 /* FeedbackManager.swift */; };
		A100000000000009 /* ScanOverlayView.swift in Sources */ = {isa = PBXBuildFile; fileRef = A20000000000000A /* ScanOverlayView.swift */; };
		A10000000000000A /* ProcessingView.swift in Sources */ = {isa = PBXBuildFile; fileRef = A20000000000000B /* ProcessingView.swift */; };
		A10000000000000B /* ModelPreviewView.swift in Sources */ = {isa = PBXBuildFile; fileRef = A20000000000000C /* ModelPreviewView.swift */; };
		C4838815F4535A68FE4BFA85 /* database_schema.sql in Resources */ = {isa = PBXBuildFile; fileRef = 7DA6F18752AED0123A3667EB /* database_schema.sql */; };
		C56A4223A2F41EBCC2556ACB /* PoissonBridge.mm in Sources */ = {isa = PBXBuildFile; fileRef = EEF9B399E6634052E86FD011 /* PoissonBridge.mm */; };
		C8296EC002EAE6F80C65647F /* MetalMeshSimplifier.swift in Sources */ = {isa = PBXBuildFile; fileRef = 86A075EED4482AF7937AA55D /* MetalMeshSimplifier.swift */; };
		CAL2000000000001 /* CalibrationModels.swift in Sources */ = {isa = PBXBuildFile; fileRef = CAL1000000000001 /* CalibrationModels.swift */; };
		CAL2000000000002 /* CalibrationGuidance.swift in Sources */ = {isa = PBXBuildFile; fileRef = CAL1000000000002 /* CalibrationGuidance.swift */; };
		CAL2000000000003 /* CreditCardDetector.swift in Sources */ = {isa = PBXBuildFile; fileRef = CAL1000000000003 /* CreditCardDetector.swift */; };
		CAL2000000000004 /* LiDARDepthMeasurement.swift in Sources */ = {isa = PBXBuildFile; fileRef = CAL1000000000004 /* LiDARDepthMeasurement.swift */; };
		CAL2000000000005 /* CalibrationManager.swift in Sources */ = {isa = PBXBuildFile; fileRef = CAL1000000000005 /* CalibrationManager.swift */; };
		CAL2000000000006 /* CalibrationViewAR.swift in Sources */ = {isa = PBXBuildFile; fileRef = CAL1000000000006 /* CalibrationViewAR.swift */; };
		CAL2000000000007 /* CalibrationSettingsView.swift in Sources */ = {isa = PBXBuildFile; fileRef = CAL1000000000007 /* CalibrationSettingsView.swift */; };
		CAL2000000000008 /* CalibrationDebugView.swift in Sources */ = {isa = PBXBuildFile; fileRef = CAL1000000000008 /* CalibrationDebugView.swift */; };
		CAL2000000000010 /* CalibratedMeasurements.swift in Sources */ = {isa = PBXBuildFile; fileRef = CAL1000000000010 /* CalibratedMeasurements.swift */; };
		CAL2000000000011 /* CalibrationQuickAccess.swift in Sources */ = {isa = PBXBuildFile; fileRef = CAL1000000000011 /* CalibrationQuickAccess.swift */; };
		CAL2000000000012 /* CalibrationView.swift in Sources */ = {isa = PBXBuildFile; fileRef = CAL1000000000012 /* CalibrationView.swift */; };
		E1094C3CEA54E3AACD73052B /* MeshSimplification.metal in Sources */ = {isa = PBXBuildFile; fileRef = 48D4A380B7E1C7DB28A132D4 /* MeshSimplification.metal */; };
		E63F603315F47E26F009C773 /* ScanResultsView.swift in Sources */ = {isa = PBXBuildFile; fileRef = AD8D4428567836D692976AF1 /* ScanResultsView.swift */; };
		EEE89053B012617275411AC0 /* MeshRepairError.swift in Sources */ = {isa = PBXBuildFile; fileRef = ECD726A8419DB647F2E63B53 /* MeshRepairError.swift */; };
		F783C4865CF4A7AF6D8D3D22 /* CoreMLMeshProcessor.swift in Sources */ = {isa = PBXBuildFile; fileRef = F6F06F25283E417D40D7EAE1 /* CoreMLMeshProcessor.swift */; };
		F9695963C3D9E1C5D1FD42CF /* TaubinSmoother.swift in Sources */ = {isa = PBXBuildFile; fileRef = E647A72C80AFF297CF1520F4 /* TaubinSmoother.swift */; };
		GUI2000000000001 /* ScanGuidance.swift in Sources */ = {isa = PBXBuildFile; fileRef = GUI1000000000001 /* ScanGuidance.swift */; };
		LOG2000000000001 /* Logger.swift in Sources */ = {isa = PBXBuildFile; fileRef = LOG1000000000001 /* Logger.swift */; };
		STM2000000000001 /* StartMenuView.swift in Sources */ = {isa = PBXBuildFile; fileRef = STM1000000000001 /* StartMenuView.swift */; };
		VXR2000000000001 /* VoxelMeshRepair.swift in Sources */ = {isa = PBXBuildFile; fileRef = VXR1000000000001 /* VoxelMeshRepair.swift */; };
		WTC2000000000001 /* WatertightChecker.swift in Sources */ = {isa = PBXBuildFile; fileRef = WTC1000000000001 /* WatertightChecker.swift */; };
/* End PBXBuildFile section */

/* Begin PBXFileReference section */
		063E2261BDE8173932DC231C /* PoissonWrapper.hpp */ = {isa = PBXFileReference; includeInIndex = 1; lastKnownFileType = sourcecode.cpp.h; name = PoissonWrapper.hpp; path = /Users/lenz/Desktop/3D_PROJEKT/3D/3D/MeshRepair/Phase2B/CPP/PoissonWrapper.hpp; sourceTree = "<absolute>"; };
		1AAD4461DA5F40707E710EA2 /* MeshFixBridge.h */ = {isa = PBXFileReference; includeInIndex = 1; lastKnownFileType = sourcecode.c.h; name = MeshFixBridge.h; path = /Users/lenz/Desktop/3D_PROJEKT/3D/3D/MeshRepair/Phase2B/ObjCBridge/MeshFixBridge.h; sourceTree = "<absolute>"; };
		1EAF6F13CDCD2007BB7A510D /* MeshRepairResult.swift */ = {isa = PBXFileReference; includeInIndex = 1; lastKnownFileType = sourcecode.swift; name = MeshRepairResult.swift; path = /Users/lenz/Desktop/3D_PROJEKT/3D/3D/MeshRepair/Shared/MeshRepairResult.swift; sourceTree = "<absolute>"; };
		271A1D81DFB3F36B479F6050 /* MeshFixBridge.mm */ = {isa = PBXFileReference; includeInIndex = 1; name = MeshFixBridge.mm; path = /Users/lenz/Desktop/3D_PROJEKT/3D/3D/MeshRepair/Phase2B/ObjCBridge/MeshFixBridge.mm; sourceTree = "<absolute>"; };
		32ADDC719ADD9C24BCE089C7 /* PointCloudStreamAdapter.hpp */ = {isa = PBXFileReference; includeInIndex = 1; lastKnownFileType = sourcecode.cpp.h; name = PointCloudStreamAdapter.hpp; path = /Users/lenz/Desktop/3D_PROJEKT/3D/3D/MeshRepair/Phase2B/CPP/PointCloudStreamAdapter.hpp; sourceTree = "<absolute>"; };
		334A77D703A98A4D8A03801C /* 3D-Bridging-Header.h */ = {isa = PBXFileReference; includeInIndex = 1; lastKnownFileType = sourcecode.c.h; name = "3D-Bridging-Header.h"; path = "../../MeshRepair/Phase2B/ObjCBridge/3D-Bridging-Header.h"; sourceTree = "<absolute>"; };
		3388836A2ED53F5C00CF1221 /* 3DPlaneCalibrator.swift */ = {isa = PBXFileReference; lastKnownFileType = sourcecode.swift; path = 3DPlaneCalibrator.swift; sourceTree = "<group>"; };
		3388836C2ED53F8200CF1221 /* CalibrationStatusCard.swift */ = {isa = PBXFileReference; lastKnownFileType = sourcecode.swift; path = CalibrationStatusCard.swift; sourceTree = "<group>"; };
		338885E0FDBFBAF48479BB9E /* ScannedObject.swift */ = {isa = PBXFileReference; lastKnownFileType = sourcecode.swift; path = ScannedObject.swift; sourceTree = "<group>"; };
		3388886A2FD6918374E9C8D5 /* SimpleCalibration.swift */ = {isa = PBXFileReference; lastKnownFileType = sourcecode.swift; path = SimpleCalibration.swift; sourceTree = "<group>"; };
		338889DFD6925C71B4664BBE /* ScannedObjectsGalleryView.swift */ = {isa = PBXFileReference; lastKnownFileType = sourcecode.swift; path = ScannedObjectsGalleryView.swift; sourceTree = "<group>"; };
		33E986912ED139130051DF7B /* MeasurementView.swift */ = {isa = PBXFileReference; lastKnownFileType = sourcecode.swift; path = MeasurementView.swift; sourceTree = "<group>"; };
		48D4A380B7E1C7DB28A132D4 /* MeshSimplification.metal */ = {isa = PBXFileReference; includeInIndex = 1; lastKnownFileType = sourcecode.metal; path = MeshSimplification.metal; sourceTree = "<group>"; };
		5497C9C16CB5F2C7FAC64FEF /* PoissonMeshRepair.swift */ = {isa = PBXFileReference; includeInIndex = 1; lastKnownFileType = sourcecode.swift; name = PoissonMeshRepair.swift; path = /Users/lenz/Desktop/3D_PROJEKT/3D/3D/MeshRepair/Phase2B/Swift/PoissonMeshRepair.swift; sourceTree = "<absolute>"; };
		602E48B90DFC43327E011B3B /* ScanResultLogger.swift */ = {isa = PBXFileReference; includeInIndex = 1; lastKnownFileType = sourcecode.swift; name = ScanResultLogger.swift; path = 3D/Database/ScanResultLogger.swift; sourceTree = "<group>"; };
		756EC76F82EA9788866182F7 /* ScanDatabaseManager.swift */ = {isa = PBXFileReference; includeInIndex = 1; lastKnownFileType = sourcecode.swift; name = ScanDatabaseManager.swift; path = 3D/Database/ScanDatabaseManager.swift; sourceTree = "<group>"; };
		77A7A18EFABA4FC2786B092F /* NormalEstimator.swift */ = {isa = PBXFileReference; includeInIndex = 1; lastKnownFileType = sourcecode.swift; name = NormalEstimator.swift; path = /Users/lenz/Desktop/3D_PROJEKT/3D/3D/MeshRepair/Phase2B/Swift/NormalEstimator.swift; sourceTree = "<absolute>"; };
		7DA6F18752AED0123A3667EB /* database_schema.sql */ = {isa = PBXFileReference; includeInIndex = 1; path = database_schema.sql; sourceTree = "<group>"; };
		86A075EED4482AF7937AA55D /* MetalMeshSimplifier.swift */ = {isa = PBXFileReference; includeInIndex = 1; lastKnownFileType = sourcecode.swift; path = MetalMeshSimplifier.swift; sourceTree = "<group>"; };
		8D86202AD90E7F8A66969470 /* MeshAnalyzer.swift */ = {isa = PBXFileReference; includeInIndex = 1; lastKnownFileType = sourcecode.swift; path = MeshAnalyzer.swift; sourceTree = "<group>"; };
		9D86202AD90E7F8A66969471 /* MeshSimplifier.swift */ = {isa = PBXFileReference; includeInIndex = 1; lastKnownFileType = sourcecode.swift; path = MeshSimplifier.swift; sourceTree = "<group>"; };
		9D86202AD90E7F8A66969472 /* QuadricErrorMetrics.swift */ = {isa = PBXFileReference; includeInIndex = 1; lastKnownFileType = sourcecode.swift; path = QuadricErrorMetrics.swift; sourceTree = "<group>"; };
		9D86202AD90E7F8A66969473 /* VertexClusterSimplifier.swift */ = {isa = PBXFileReference; includeInIndex = 1; lastKnownFileType = sourcecode.swift; path = VertexClusterSimplifier.swift; sourceTree = "<group>"; };
		A200000000000001 /* 3DApp.swift */ = {isa = PBXFileReference; lastKnownFileType = sourcecode.swift; path = 3DApp.swift; sourceTree = "<group>"; };
		A200000000000002 /* ContentView.swift */ = {isa = PBXFileReference; lastKnownFileType = sourcecode.swift; path = ContentView.swift; sourceTree = "<group>"; };
		A200000000000003 /* CaptureState+.swift */ = {isa = PBXFileReference; lastKnownFileType = sourcecode.swift; path = "CaptureState+.swift"; sourceTree = "<group>"; };
		A200000000000004 /* CreateButton.swift */ = {isa = PBXFileReference; lastKnownFileType = sourcecode.swift; path = CreateButton.swift; sourceTree = "<group>"; };
		A200000000000005 /* ARQuickLookView.swift */ = {isa = PBXFileReference; lastKnownFileType = sourcecode.swift; path = ARQuickLookView.swift; sourceTree = "<group>"; };
		A200000000000006 /* Assets.xcassets */ = {isa = PBXFileReference; lastKnownFileType = folder.assetcatalog; path = Assets.xcassets; sourceTree = "<group>"; };
		A200000000000007 /* Info.plist */ = {isa = PBXFileReference; lastKnownFileType = text.plist.xml; path = Info.plist; sourceTree = "<group>"; };
		A200000000000008 /* OnboardingView.swift */ = {isa = PBXFileReference; lastKnownFileType = sourcecode.swift; path = OnboardingView.swift; sourceTree = "<group>"; };
		A200000000000009 /* FeedbackManager.swift */ = {isa = PBXFileReference; lastKnownFileType = sourcecode.swift; path = FeedbackManager.swift; sourceTree = "<group>"; };
		A20000000000000A /* ScanOverlayView.swift */ = {isa = PBXFileReference; lastKnownFileType = sourcecode.swift; path = ScanOverlayView.swift; sourceTree = "<group>"; };
		A20000000000000B /* ProcessingView.swift */ = {isa = PBXFileReference; lastKnownFileType = sourcecode.swift; path = ProcessingView.swift; sourceTree = "<group>"; };
		A20000000000000C /* ModelPreviewView.swift */ = {isa = PBXFileReference; lastKnownFileType = sourcecode.swift; path = ModelPreviewView.swift; sourceTree = "<group>"; };
		A2AC165EFFE0354AF85D79BB /* MeshFixWrapper.cpp */ = {isa = PBXFileReference; includeInIndex = 1; lastKnownFileType = sourcecode.cpp.cpp; name = MeshFixWrapper.cpp; path = /Users/lenz/Desktop/3D_PROJEKT/3D/3D/MeshRepair/Phase2B/CPP/MeshFixWrapper.cpp; sourceTree = "<absolute>"; };
		A300000000000001 /* 3D.app */ = {isa = PBXFileReference; explicitFileType = wrapper.application; includeInIndex = 0; path = 3D.app; sourceTree = BUILT_PRODUCTS_DIR; };
		AD8D4428567836D692976AF1 /* ScanResultsView.swift */ = {isa = PBXFileReference; includeInIndex = 1; lastKnownFileType = sourcecode.swift; name = ScanResultsView.swift; path = 3D/Database/ScanResultsView.swift; sourceTree = "<group>"; };
		ADA0FB93CDD7994EB795AEA6 /* PointCloudCompletion.mlpackage */ = {isa = PBXFileReference; includeInIndex = 1; path = PointCloudCompletion.mlpackage; sourceTree = "<group>"; };
		B55FBC2025BA5E3AD9A527E3 /* MeshTypes.hpp */ = {isa = PBXFileReference; includeInIndex = 1; lastKnownFileType = sourcecode.cpp.h; name = MeshTypes.hpp; path = /Users/lenz/Desktop/3D_PROJEKT/3D/3D/MeshRepair/Phase2B/CPP/MeshTypes.hpp; sourceTree = "<absolute>"; };
		BBF007EC88FBB344A9144D28 /* MeshFixWrapper.hpp */ = {isa = PBXFileReference; includeInIndex = 1; lastKnownFileType = sourcecode.cpp.h; name = MeshFixWrapper.hpp; path = /Users/lenz/Desktop/3D_PROJEKT/3D/3D/MeshRepair/Phase2B/CPP/MeshFixWrapper.hpp; sourceTree = "<absolute>"; };
		BC0F3B21178458C07977A038 /* PoissonBridge.h */ = {isa = PBXFileReference; includeInIndex = 1; lastKnownFileType = sourcecode.c.h; name = PoissonBridge.h; path = /Users/lenz/Desktop/3D_PROJEKT/3D/3D/MeshRepair/Phase2B/ObjCBridge/PoissonBridge.h; sourceTree = "<absolute>"; };
		CAL1000000000001 /* CalibrationModels.swift */ = {isa = PBXFileReference; lastKnownFileType = sourcecode.swift; path = CalibrationModels.swift; sourceTree = "<group>"; };
		CAL1000000000002 /* CalibrationGuidance.swift */ = {isa = PBXFileReference; lastKnownFileType = sourcecode.swift; path = CalibrationGuidance.swift; sourceTree = "<group>"; };
		CAL1000000000003 /* CreditCardDetector.swift */ = {isa = PBXFileReference; lastKnownFileType = sourcecode.swift; path = CreditCardDetector.swift; sourceTree = "<group>"; };
		CAL1000000000004 /* LiDARDepthMeasurement.swift */ = {isa = PBXFileReference; lastKnownFileType = sourcecode.swift; path = LiDARDepthMeasurement.swift; sourceTree = "<group>"; };
		CAL1000000000005 /* CalibrationManager.swift */ = {isa = PBXFileReference; lastKnownFileType = sourcecode.swift; path = CalibrationManager.swift; sourceTree = "<group>"; };
		CAL1000000000006 /* CalibrationViewAR.swift */ = {isa = PBXFileReference; lastKnownFileType = sourcecode.swift; path = CalibrationViewAR.swift; sourceTree = "<group>"; };
		CAL1000000000007 /* CalibrationSettingsView.swift */ = {isa = PBXFileReference; lastKnownFileType = sourcecode.swift; path = CalibrationSettingsView.swift; sourceTree = "<group>"; };
		CAL1000000000008 /* CalibrationDebugView.swift */ = {isa = PBXFileReference; lastKnownFileType = sourcecode.swift; path = CalibrationDebugView.swift; sourceTree = "<group>"; };
		CAL1000000000010 /* CalibratedMeasurements.swift */ = {isa = PBXFileReference; lastKnownFileType = sourcecode.swift; path = CalibratedMeasurements.swift; sourceTree = "<group>"; };
		CAL1000000000011 /* CalibrationQuickAccess.swift */ = {isa = PBXFileReference; lastKnownFileType = sourcecode.swift; path = CalibrationQuickAccess.swift; sourceTree = "<group>"; };
		CAL1000000000012 /* CalibrationView.swift */ = {isa = PBXFileReference; lastKnownFileType = sourcecode.swift; path = CalibrationView.swift; sourceTree = "<group>"; };
		COV1000000000001 /* CoverageTracker.swift */ = {isa = PBXFileReference; lastKnownFileType = sourcecode.swift; path = CoverageTracker.swift; sourceTree = "<group>"; };
		E647A72C80AFF297CF1520F4 /* TaubinSmoother.swift */ = {isa = PBXFileReference; includeInIndex = 1; lastKnownFileType = sourcecode.swift; name = TaubinSmoother.swift; path = /Users/lenz/Desktop/3D_PROJEKT/3D/3D/MeshRepair/Phase2B/Swift/TaubinSmoother.swift; sourceTree = "<absolute>"; };
		ECD726A8419DB647F2E63B53 /* MeshRepairError.swift */ = {isa = PBXFileReference; includeInIndex = 1; lastKnownFileType = sourcecode.swift; name = MeshRepairError.swift; path = /Users/lenz/Desktop/3D_PROJEKT/3D/3D/MeshRepair/Shared/MeshRepairError.swift; sourceTree = "<absolute>"; };
		ED1CF9476251D86D98F7137B /* MeshSimplificationView.swift */ = {isa = PBXFileReference; includeInIndex = 1; lastKnownFileType = sourcecode.swift; path = MeshSimplificationView.swift; sourceTree = "<group>"; };
		EEF9B399E6634052E86FD011 /* PoissonBridge.mm */ = {isa = PBXFileReference; includeInIndex = 1; name = PoissonBridge.mm; path = /Users/lenz/Desktop/3D_PROJEKT/3D/3D/MeshRepair/Phase2B/ObjCBridge/PoissonBridge.mm; sourceTree = "<absolute>"; };
		F37AD7C51206F40F4F056B41 /* PoissonWrapper.cpp */ = {isa = PBXFileReference; includeInIndex = 1; lastKnownFileType = sourcecode.cpp.cpp; name = PoissonWrapper.cpp; path = /Users/lenz/Desktop/3D_PROJEKT/3D/3D/MeshRepair/Phase2B/CPP/PoissonWrapper.cpp; sourceTree = "<absolute>"; };
		F6F06F25283E417D40D7EAE1 /* CoreMLMeshProcessor.swift */ = {isa = PBXFileReference; includeInIndex = 1; lastKnownFileType = sourcecode.swift; path = CoreMLMeshProcessor.swift; sourceTree = "<group>"; };
		GUI1000000000001 /* ScanGuidance.swift */ = {isa = PBXFileReference; lastKnownFileType = sourcecode.swift; path = ScanGuidance.swift; sourceTree = "<group>"; };
		HYB1000000000001 /* HybridScanManager.swift */ = {isa = PBXFileReference; lastKnownFileType = sourcecode.swift; path = HybridScanManager.swift; sourceTree = "<group>"; };
		HYB1000000000002 /* HybridScanView.swift */ = {isa = PBXFileReference; lastKnownFileType = sourcecode.swift; path = HybridScanView.swift; sourceTree = "<group>"; };
		LOG1000000000001 /* Logger.swift */ = {isa = PBXFileReference; lastKnownFileType = sourcecode.swift; path = Logger.swift; sourceTree = "<group>"; };
		MEA1000000000001 /* MeasurementCoordinator.swift */ = {isa = PBXFileReference; lastKnownFileType = sourcecode.swift; path = MeasurementCoordinator.swift; sourceTree = "<group>"; };
		PER1000000000001 /* PerformanceMonitor.swift */ = {isa = PBXFileReference; lastKnownFileType = sourcecode.swift; path = PerformanceMonitor.swift; sourceTree = "<group>"; };
		PIP1000000000001 /* CompletePipelineView.swift */ = {isa = PBXFileReference; lastKnownFileType = sourcecode.swift; path = CompletePipelineView.swift; sourceTree = "<group>"; };
		PIP1000000000002 /* CompleteScanPipeline.swift */ = {isa = PBXFileReference; lastKnownFileType = sourcecode.swift; path = CompleteScanPipeline.swift; sourceTree = "<group>"; };
		STM1000000000001 /* StartMenuView.swift */ = {isa = PBXFileReference; lastKnownFileType = sourcecode.swift; path = StartMenuView.swift; sourceTree = "<group>"; };
		VXR1000000000001 /* VoxelMeshRepair.swift */ = {isa = PBXFileReference; lastKnownFileType = sourcecode.swift; path = MeshRepair/VoxelMeshRepair.swift; sourceTree = "<group>"; };
		WTC1000000000001 /* WatertightChecker.swift */ = {isa = PBXFileReference; lastKnownFileType = sourcecode.swift; path = MeshQuality/WatertightChecker.swift; sourceTree = "<group>"; };
/* End PBXFileReference section */

/* Begin PBXFrameworksBuildPhase section */
		A400000000000001 /* Frameworks */ = {
			isa = PBXFrameworksBuildPhase;
			buildActionMask = 2147483647;
			files = (
			);
			runOnlyForDeploymentPostprocessing = 0;
		};
/* End PBXFrameworksBuildPhase section */

/* Begin PBXGroup section */
		1D7EDBBA7951A36DB317E1B3 /* Shared */ = {
			isa = PBXGroup;
			children = (
				ECD726A8419DB647F2E63B53 /* MeshRepairError.swift */,
				1EAF6F13CDCD2007BB7A510D /* MeshRepairResult.swift */,
			);
			name = Shared;
			sourceTree = "<group>";
		};
		25FAF3304A2C76541C97CB1D /* MeshRepair */ = {
			isa = PBXGroup;
			children = (
				FF80FD58D75AED5814065565 /* Phase2B */,
				1D7EDBBA7951A36DB317E1B3 /* Shared */,
			);
			name = MeshRepair;
			path = 3D/MeshRepair;
			sourceTree = "<group>";
		};
		5A1855F71E274089D9CB2ECE /* CPP */ = {
			isa = PBXGroup;
			children = (
				B55FBC2025BA5E3AD9A527E3 /* MeshTypes.hpp */,
				063E2261BDE8173932DC231C /* PoissonWrapper.hpp */,
				F37AD7C51206F40F4F056B41 /* PoissonWrapper.cpp */,
				32ADDC719ADD9C24BCE089C7 /* PointCloudStreamAdapter.hpp */,
				BBF007EC88FBB344A9144D28 /* MeshFixWrapper.hpp */,
				A2AC165EFFE0354AF85D79BB /* MeshFixWrapper.cpp */,
			);
			name = CPP;
			sourceTree = "<group>";
		};
		9219A14E39821FC5B05662B4 /* Swift */ = {
			isa = PBXGroup;
			children = (
				77A7A18EFABA4FC2786B092F /* NormalEstimator.swift */,
				E647A72C80AFF297CF1520F4 /* TaubinSmoother.swift */,
				5497C9C16CB5F2C7FAC64FEF /* PoissonMeshRepair.swift */,
			);
			name = Swift;
			sourceTree = "<group>";
		};
		A500000000000001 = {
			isa = PBXGroup;
			children = (
				A500000000000002 /* 3D */,
				A500000000000003 /* Products */,
				ADA0FB93CDD7994EB795AEA6 /* PointCloudCompletion.mlpackage */,
			);
			sourceTree = "<group>";
		};
		A500000000000002 /* 3D */ = {
			isa = PBXGroup;
			children = (
				3388836A2ED53F5C00CF1221 /* 3DPlaneCalibrator.swift */,
				338889DFD6925C71B4664BBE /* ScannedObjectsGalleryView.swift */,
				338885E0FDBFBAF48479BB9E /* ScannedObject.swift */,
				3388886A2FD6918374E9C8D5 /* SimpleCalibration.swift */,
				3388836C2ED53F8200CF1221 /* CalibrationStatusCard.swift */,
				A200000000000001 /* 3DApp.swift */,
				A200000000000002 /* ContentView.swift */,
				A200000000000003 /* CaptureState+.swift */,
				A200000000000004 /* CreateButton.swift */,
				A200000000000005 /* ARQuickLookView.swift */,
				A200000000000008 /* OnboardingView.swift */,
				A200000000000009 /* FeedbackManager.swift */,
				A20000000000000A /* ScanOverlayView.swift */,
				A20000000000000B /* ProcessingView.swift */,
				A20000000000000C /* ModelPreviewView.swift */,
				33E986912ED139130051DF7B /* MeasurementView.swift */,
				A200000000000006 /* Assets.xcassets */,
				A200000000000007 /* Info.plist */,
				8D86202AD90E7F8A66969470 /* MeshAnalyzer.swift */,
				9D86202AD90E7F8A66969471 /* MeshSimplifier.swift */,
				9D86202AD90E7F8A66969472 /* QuadricErrorMetrics.swift */,
				9D86202AD90E7F8A66969473 /* VertexClusterSimplifier.swift */,
				ED1CF9476251D86D98F7137B /* MeshSimplificationView.swift */,
				48D4A380B7E1C7DB28A132D4 /* MeshSimplification.metal */,
				86A075EED4482AF7937AA55D /* MetalMeshSimplifier.swift */,
				F6F06F25283E417D40D7EAE1 /* CoreMLMeshProcessor.swift */,
				CAL1000000000001 /* CalibrationModels.swift */,
				CAL1000000000002 /* CalibrationGuidance.swift */,
				CAL1000000000003 /* CreditCardDetector.swift */,
				CAL1000000000004 /* LiDARDepthMeasurement.swift */,
				CAL1000000000005 /* CalibrationManager.swift */,
				CAL1000000000006 /* CalibrationViewAR.swift */,
				CAL1000000000007 /* CalibrationSettingsView.swift */,
				CAL1000000000008 /* CalibrationDebugView.swift */,
				CAL1000000000010 /* CalibratedMeasurements.swift */,
				CAL1000000000011 /* CalibrationQuickAccess.swift */,
				CAL1000000000012 /* CalibrationView.swift */,
				STM1000000000001 /* StartMenuView.swift */,
				LOG1000000000001 /* Logger.swift */,
				PIP1000000000001 /* CompletePipelineView.swift */,
				PIP1000000000002 /* CompleteScanPipeline.swift */,
				COV1000000000001 /* CoverageTracker.swift */,
				HYB1000000000001 /* HybridScanManager.swift */,
				HYB1000000000002 /* HybridScanView.swift */,
				MEA1000000000001 /* MeasurementCoordinator.swift */,
				PER1000000000001 /* PerformanceMonitor.swift */,
				GUI1000000000001 /* ScanGuidance.swift */,
				WTC1000000000001 /* WatertightChecker.swift */,
				VXR1000000000001 /* VoxelMeshRepair.swift */,
				25FAF3304A2C76541C97CB1D /* MeshRepair */,
				F9BE6EE33637699B4CE765F6 /* Database */,
			);
			path = 3D;
			sourceTree = "<group>";
		};
		A500000000000003 /* Products */ = {
			isa = PBXGroup;
			children = (
				A300000000000001 /* 3D.app */,
			);
			name = Products;
			sourceTree = "<group>";
		};
		E046EEE834C8206E4A8FBF6D /* ObjCBridge */ = {
			isa = PBXGroup;
			children = (
				334A77D703A98A4D8A03801C /* 3D-Bridging-Header.h */,
				BC0F3B21178458C07977A038 /* PoissonBridge.h */,
				EEF9B399E6634052E86FD011 /* PoissonBridge.mm */,
				1AAD4461DA5F40707E710EA2 /* MeshFixBridge.h */,
				271A1D81DFB3F36B479F6050 /* MeshFixBridge.mm */,
			);
			name = ObjCBridge;
			sourceTree = "<group>";
		};
		F9BE6EE33637699B4CE765F6 /* Database */ = {
			isa = PBXGroup;
			children = (
				756EC76F82EA9788866182F7 /* ScanDatabaseManager.swift */,
				AD8D4428567836D692976AF1 /* ScanResultsView.swift */,
				602E48B90DFC43327E011B3B /* ScanResultLogger.swift */,
				7DA6F18752AED0123A3667EB /* database_schema.sql */,
			);
			name = Database;
			sourceTree = SOURCE_ROOT;
		};
		FF80FD58D75AED5814065565 /* Phase2B */ = {
			isa = PBXGroup;
			children = (
				5A1855F71E274089D9CB2ECE /* CPP */,
				E046EEE834C8206E4A8FBF6D /* ObjCBridge */,
				9219A14E39821FC5B05662B4 /* Swift */,
			);
			name = Phase2B;
			sourceTree = "<group>";
		};
/* End PBXGroup section */

/* Begin PBXNativeTarget section */
		A600000000000001 /* 3D */ = {
			isa = PBXNativeTarget;
			buildConfigurationList = A800000000000001 /* Build configuration list for PBXNativeTarget "3D" */;
			buildPhases = (
				A700000000000001 /* Sources */,
				A400000000000001 /* Frameworks */,
				A700000000000002 /* Resources */,
			);
			buildRules = (
			);
			dependencies = (
			);
			name = 3D;
			productName = 3D;
			productReference = A300000000000001 /* 3D.app */;
			productType = "com.apple.product-type.application";
		};
/* End PBXNativeTarget section */

/* Begin PBXProject section */
		A900000000000001 /* Project object */ = {
			isa = PBXProject;
			attributes = {
				BuildIndependentTargetsInParallel = 1;
				LastSwiftUpdateCheck = 1540;
				LastUpgradeCheck = 2610;
				TargetAttributes = {
					A600000000000001 = {
						CreatedOnToolsVersion = 15.4;
					};
				};
			};
			buildConfigurationList = AA00000000000001 /* Build configuration list for PBXProject "3D" */;
			compatibilityVersion = "Xcode 14.0";
			developmentRegion = en;
			hasScannedForEncodings = 0;
			knownRegions = (
				en,
				Base,
			);
			mainGroup = A500000000000001;
			productRefGroup = A500000000000003 /* Products */;
			projectDirPath = "";
			projectRoot = "";
			targets = (
				A600000000000001 /* 3D */,
			);
		};
/* End PBXProject section */

/* Begin PBXResourcesBuildPhase section */
		A700000000000002 /* Resources */ = {
			isa = PBXResourcesBuildPhase;
			buildActionMask = 2147483647;
			files = (
				A100000000000006 /* Assets.xcassets in Resources */,
				3D0411A51D4B06EAA4065724 /* PointCloudCompletion.mlpackage in Resources */,
				C4838815F4535A68FE4BFA85 /* database_schema.sql in Resources */,
			);
			runOnlyForDeploymentPostprocessing = 0;
		};
/* End PBXResourcesBuildPhase section */

/* Begin PBXSourcesBuildPhase section */
		A700000000000001 /* Sources */ = {
			isa = PBXSourcesBuildPhase;
			buildActionMask = 2147483647;
			files = (
				A100000000000001 /* 3DApp.swift in Sources */,
				A100000000000002 /* ContentView.swift in Sources */,
				33E986922ED139130051DF7B /* MeasurementView.swift in Sources */,
				A100000000000003 /* CaptureState+.swift in Sources */,
				A100000000000004 /* CreateButton.swift in Sources */,
				A100000000000005 /* ARQuickLookView.swift in Sources */,
				A100000000000007 /* OnboardingView.swift in Sources */,
				A100000000000008 /* FeedbackManager.swift in Sources */,
				A100000000000009 /* ScanOverlayView.swift in Sources */,
				A10000000000000A /* ProcessingView.swift in Sources */,
				A10000000000000B /* ModelPreviewView.swift in Sources */,
				3B1C31C816F75F1DAF972C3E /* MeshAnalyzer.swift in Sources */,
				4A1C31C816F75F1DAF972C3F /* MeshSimplifier.swift in Sources */,
				4A1C31C816F75F1DAF972C40 /* QuadricErrorMetrics.swift in Sources */,
				4A1C31C816F75F1DAF972C41 /* VertexClusterSimplifier.swift in Sources */,
				600E015903DB930717F3A140 /* MeshSimplificationView.swift in Sources */,
				E1094C3CEA54E3AACD73052B /* MeshSimplification.metal in Sources */,
				C8296EC002EAE6F80C65647F /* MetalMeshSimplifier.swift in Sources */,
				3388836D2ED53F8200CF1221 /* CalibrationStatusCard.swift in Sources */,
				3388836B2ED53F5C00CF1221 /* 3DPlaneCalibrator.swift in Sources */,
				33889D7CA7C851806444F9B7 /* ScannedObjectsGalleryView.swift in Sources */,
				33889FD318560558D4513931 /* ScannedObject.swift in Sources */,
				33889F5868897A0F94B3194A /* SimpleCalibration.swift in Sources */,
				F783C4865CF4A7AF6D8D3D22 /* CoreMLMeshProcessor.swift in Sources */,
				CAL2000000000001 /* CalibrationModels.swift in Sources */,
				CAL2000000000002 /* CalibrationGuidance.swift in Sources */,
				CAL2000000000003 /* CreditCardDetector.swift in Sources */,
				CAL2000000000004 /* LiDARDepthMeasurement.swift in Sources */,
				CAL2000000000005 /* CalibrationManager.swift in Sources */,
				CAL2000000000006 /* CalibrationViewAR.swift in Sources */,
				CAL2000000000007 /* CalibrationSettingsView.swift in Sources */,
				CAL2000000000008 /* CalibrationDebugView.swift in Sources */,
				CAL2000000000010 /* CalibratedMeasurements.swift in Sources */,
				CAL2000000000011 /* CalibrationQuickAccess.swift in Sources */,
				CAL2000000000012 /* CalibrationView.swift in Sources */,
				GUI2000000000001 /* ScanGuidance.swift in Sources */,
				STM2000000000001 /* StartMenuView.swift in Sources */,
				LOG2000000000001 /* Logger.swift in Sources */,
				WTC2000000000001 /* WatertightChecker.swift in Sources */,
				VXR2000000000001 /* VoxelMeshRepair.swift in Sources */,
				EEE89053B012617275411AC0 /* MeshRepairError.swift in Sources */,
				1B14332DB2AF4169DA37CBF5 /* MeshRepairResult.swift in Sources */,
				4402EC0F3C20C6DBE7F2224E /* PoissonWrapper.cpp in Sources */,
				9DB5077C6414EF40C084D39E /* MeshFixWrapper.cpp in Sources */,
				C56A4223A2F41EBCC2556ACB /* PoissonBridge.mm in Sources */,
				81322D383068CB1DE6CC3A41 /* MeshFixBridge.mm in Sources */,
				9732658FA9E1654A5332C017 /* NormalEstimator.swift in Sources */,
				F9695963C3D9E1C5D1FD42CF /* TaubinSmoother.swift in Sources */,
				4711FF497563305FC6BFC94C /* PoissonMeshRepair.swift in Sources */,
				650FE2C51F6ED236B5C37CF4 /* ScanDatabaseManager.swift in Sources */,
				E63F603315F47E26F009C773 /* ScanResultsView.swift in Sources */,
				7366D8D3ECC645C224498A04 /* ScanResultLogger.swift in Sources */,
			);
			runOnlyForDeploymentPostprocessing = 0;
		};
/* End PBXSourcesBuildPhase section */

/* Begin XCBuildConfiguration section */
		AB00000000000001 /* Debug */ = {
			isa = XCBuildConfiguration;
			buildSettings = {
				ALWAYS_SEARCH_USER_PATHS = NO;
				ASSETCATALOG_COMPILER_GENERATE_SWIFT_ASSET_SYMBOL_EXTENSIONS = YES;
				CLANG_ANALYZER_NONNULL = YES;
				CLANG_ANALYZER_NUMBER_OBJECT_CONVERSION = YES_AGGRESSIVE;
				CLANG_CXX_LANGUAGE_STANDARD = "gnu++20";
				CLANG_ENABLE_MODULES = YES;
				CLANG_ENABLE_OBJC_ARC = YES;
				CLANG_ENABLE_OBJC_WEAK = YES;
				CLANG_WARN_BLOCK_CAPTURE_AUTORELEASING = YES;
				CLANG_WARN_BOOL_CONVERSION = YES;
				CLANG_WARN_COMMA = YES;
				CLANG_WARN_CONSTANT_CONVERSION = YES;
				CLANG_WARN_DEPRECATED_OBJC_IMPLEMENTATIONS = YES;
				CLANG_WARN_DIRECT_OBJC_ISA_USAGE = YES_ERROR;
				CLANG_WARN_DOCUMENTATION_COMMENTS = YES;
				CLANG_WARN_EMPTY_BODY = YES;
				CLANG_WARN_ENUM_CONVERSION = YES;
				CLANG_WARN_INFINITE_RECURSION = YES;
				CLANG_WARN_INT_CONVERSION = YES;
				CLANG_WARN_NON_LITERAL_NULL_CONVERSION = YES;
				CLANG_WARN_OBJC_IMPLICIT_RETAIN_SELF = YES;
				CLANG_WARN_OBJC_LITERAL_CONVERSION = YES;
				CLANG_WARN_OBJC_ROOT_CLASS = YES_ERROR;
				CLANG_WARN_QUOTED_INCLUDE_IN_FRAMEWORK_HEADER = YES;
				CLANG_WARN_RANGE_LOOP_ANALYSIS = YES;
				CLANG_WARN_STRICT_PROTOTYPES = YES;
				CLANG_WARN_SUSPICIOUS_MOVE = YES;
				CLANG_WARN_UNGUARDED_AVAILABILITY = YES_AGGRESSIVE;
				CLANG_WARN_UNREACHABLE_CODE = YES;
				CLANG_WARN__DUPLICATE_METHOD_MATCH = YES;
				COPY_PHASE_STRIP = NO;
				DEBUG_INFORMATION_FORMAT = dwarf;
				DEVELOPMENT_TEAM = T37AVF7VK6;
				ENABLE_STRICT_OBJC_MSGSEND = YES;
				ENABLE_TESTABILITY = YES;
				ENABLE_USER_SCRIPT_SANDBOXING = YES;
				GCC_C_LANGUAGE_STANDARD = gnu17;
				GCC_DYNAMIC_NO_PIC = NO;
				GCC_NO_COMMON_BLOCKS = YES;
				GCC_OPTIMIZATION_LEVEL = 0;
				GCC_PREPROCESSOR_DEFINITIONS = (
					"DEBUG=1",
					"$(inherited)",
				);
				GCC_WARN_64_TO_32_BIT_CONVERSION = YES;
				GCC_WARN_ABOUT_RETURN_TYPE = YES_ERROR;
				GCC_WARN_UNDECLARED_SELECTOR = YES;
				GCC_WARN_UNINITIALIZED_AUTOS = YES_AGGRESSIVE;
				GCC_WARN_UNUSED_FUNCTION = YES;
				GCC_WARN_UNUSED_VARIABLE = YES;
				IPHONEOS_DEPLOYMENT_TARGET = 17.0;
				LOCALIZATION_PREFERS_STRING_CATALOGS = YES;
				MTL_ENABLE_DEBUG_INFO = INCLUDE_SOURCE;
				MTL_FAST_MATH = YES;
				ONLY_ACTIVE_ARCH = YES;
				SDKROOT = iphoneos;
				STRING_CATALOG_GENERATE_SYMBOLS = YES;
				SWIFT_ACTIVE_COMPILATION_CONDITIONS = "DEBUG $(inherited)";
				SWIFT_OPTIMIZATION_LEVEL = "-Onone";
			};
			name = Debug;
		};
		AB00000000000002 /* Release */ = {
			isa = XCBuildConfiguration;
			buildSettings = {
				ALWAYS_SEARCH_USER_PATHS = NO;
				ASSETCATALOG_COMPILER_GENERATE_SWIFT_ASSET_SYMBOL_EXTENSIONS = YES;
				CLANG_ANALYZER_NONNULL = YES;
				CLANG_ANALYZER_NUMBER_OBJECT_CONVERSION = YES_AGGRESSIVE;
				CLANG_CXX_LANGUAGE_STANDARD = "gnu++20";
				CLANG_ENABLE_MODULES = YES;
				CLANG_ENABLE_OBJC_ARC = YES;
				CLANG_ENABLE_OBJC_WEAK = YES;
				CLANG_WARN_BLOCK_CAPTURE_AUTORELEASING = YES;
				CLANG_WARN_BOOL_CONVERSION = YES;
				CLANG_WARN_COMMA = YES;
				CLANG_WARN_CONSTANT_CONVERSION = YES;
				CLANG_WARN_DEPRECATED_OBJC_IMPLEMENTATIONS = YES;
				CLANG_WARN_DIRECT_OBJC_ISA_USAGE = YES_ERROR;
				CLANG_WARN_DOCUMENTATION_COMMENTS = YES;
				CLANG_WARN_EMPTY_BODY = YES;
				CLANG_WARN_ENUM_CONVERSION = YES;
				CLANG_WARN_INFINITE_RECURSION = YES;
				CLANG_WARN_INT_CONVERSION = YES;
				CLANG_WARN_NON_LITERAL_NULL_CONVERSION = YES;
				CLANG_WARN_OBJC_IMPLICIT_RETAIN_SELF = YES;
				CLANG_WARN_OBJC_LITERAL_CONVERSION = YES;
				CLANG_WARN_OBJC_ROOT_CLASS = YES_ERROR;
				CLANG_WARN_QUOTED_INCLUDE_IN_FRAMEWORK_HEADER = YES;
				CLANG_WARN_RANGE_LOOP_ANALYSIS = YES;
				CLANG_WARN_STRICT_PROTOTYPES = YES;
				CLANG_WARN_SUSPICIOUS_MOVE = YES;
				CLANG_WARN_UNGUARDED_AVAILABILITY = YES_AGGRESSIVE;
				CLANG_WARN_UNREACHABLE_CODE = YES;
				CLANG_WARN__DUPLICATE_METHOD_MATCH = YES;
				COPY_PHASE_STRIP = NO;
				DEBUG_INFORMATION_FORMAT = "dwarf-with-dsym";
				DEVELOPMENT_TEAM = T37AVF7VK6;
				ENABLE_NS_ASSERTIONS = NO;
				ENABLE_STRICT_OBJC_MSGSEND = YES;
				ENABLE_USER_SCRIPT_SANDBOXING = YES;
				GCC_C_LANGUAGE_STANDARD = gnu17;
				GCC_NO_COMMON_BLOCKS = YES;
				GCC_WARN_64_TO_32_BIT_CONVERSION = YES;
				GCC_WARN_ABOUT_RETURN_TYPE = YES_ERROR;
				GCC_WARN_UNDECLARED_SELECTOR = YES;
				GCC_WARN_UNINITIALIZED_AUTOS = YES_AGGRESSIVE;
				GCC_WARN_UNUSED_FUNCTION = YES;
				GCC_WARN_UNUSED_VARIABLE = YES;
				IPHONEOS_DEPLOYMENT_TARGET = 17.0;
				LOCALIZATION_PREFERS_STRING_CATALOGS = YES;
				MTL_ENABLE_DEBUG_INFO = NO;
				MTL_FAST_MATH = YES;
				SDKROOT = iphoneos;
				STRING_CATALOG_GENERATE_SYMBOLS = YES;
				SWIFT_COMPILATION_MODE = wholemodule;
				VALIDATE_PRODUCT = YES;
			};
			name = Release;
		};
		AC00000000000001 /* Debug */ = {
			isa = XCBuildConfiguration;
			buildSettings = {
				ASSETCATALOG_COMPILER_APPICON_NAME = AppIcon;
				ASSETCATALOG_COMPILER_GLOBAL_ACCENT_COLOR_NAME = AccentColor;
				CLANG_CXX_LANGUAGE_STANDARD = "gnu++17";
				CLANG_CXX_LIBRARY = "libc++";
				CODE_SIGN_IDENTITY = "Apple Development";
				CODE_SIGN_STYLE = Automatic;
				CURRENT_PROJECT_VERSION = 1;
				DEVELOPMENT_TEAM = T37AVF7VK6;
				ENABLE_PREVIEWS = YES;
				GCC_ENABLE_CPP_EXCEPTIONS = YES;
				GCC_ENABLE_CPP_RTTI = YES;
				GCC_OPTIMIZATION_LEVEL = 0;
				GENERATE_INFOPLIST_FILE = YES;
				HEADER_SEARCH_PATHS = (
					"$(PROJECT_DIR)/ThirdParty/PoissonRecon/Src",
					"$(PROJECT_DIR)/ThirdParty/MeshFix/include",
					"$(PROJECT_DIR)/3D/MeshRepair/Phase2B/ObjCBridge",
					"$(PROJECT_DIR)/3D/MeshRepair/Phase2B/CPP",
				);
				INFOPLIST_FILE = 3D/Info.plist;
				INFOPLIST_KEY_CFBundleDisplayName = 3D;
				INFOPLIST_KEY_LSRequiresIPhoneOS = YES;
				INFOPLIST_KEY_NSCameraUsageDescription = "Camera is used to capture photos for 3D reconstruction.";
				INFOPLIST_KEY_UIApplicationSceneManifest_Generation = YES;
				INFOPLIST_KEY_UIApplicationSupportsIndirectInputEvents = YES;
				INFOPLIST_KEY_UILaunchScreen_Generation = YES;
				INFOPLIST_KEY_UIRequiredDeviceCapabilities = "arm64 arkit";
				INFOPLIST_KEY_UIRequiresFullScreen = YES;
				INFOPLIST_KEY_UIStatusBarHidden = YES;
				INFOPLIST_KEY_UISupportedInterfaceOrientations = UIInterfaceOrientationPortrait;
				IPHONEOS_DEPLOYMENT_TARGET = 18.6;
				LD_RUNPATH_SEARCH_PATHS = (
					"$(inherited)",
					"@executable_path/Frameworks",
				);
				MARKETING_VERSION = 1.0;
				OTHER_CPLUSPLUSFLAGS = (
					"-Wno-unused-parameter",
					"-Wno-sign-compare",
					"-Wno-reorder",
				);
				PRODUCT_BUNDLE_IDENTIFIER = com.lenz.3D;
				PRODUCT_NAME = "$(TARGET_NAME)";
				PROVISIONING_PROFILE_SPECIFIER = "";
				SUPPORTED_PLATFORMS = "iphoneos iphonesimulator";
				SUPPORTS_MACCATALYST = NO;
				SUPPORTS_MAC_DESIGNED_FOR_IPHONE_IPAD = NO;
				SWIFT_EMIT_LOC_STRINGS = YES;
				SWIFT_OBJC_BRIDGING_HEADER = "$(PROJECT_DIR)/3D/MeshRepair/Phase2B/ObjCBridge/3D-Bridging-Header.h";
				SWIFT_VERSION = 5.0;
				TARGETED_DEVICE_FAMILY = 1;
			};
			name = Debug;
		};
		AC00000000000002 /* Release */ = {
			isa = XCBuildConfiguration;
			buildSettings = {
				ASSETCATALOG_COMPILER_APPICON_NAME = AppIcon;
				ASSETCATALOG_COMPILER_GLOBAL_ACCENT_COLOR_NAME = AccentColor;
				CLANG_CXX_LANGUAGE_STANDARD = "gnu++17";
				CLANG_CXX_LIBRARY = "libc++";
				CODE_SIGN_IDENTITY = "Apple Development";
				CODE_SIGN_STYLE = Automatic;
				CURRENT_PROJECT_VERSION = 1;
				DEVELOPMENT_TEAM = T37AVF7VK6;
				ENABLE_PREVIEWS = YES;
				GCC_ENABLE_CPP_EXCEPTIONS = YES;
				GCC_ENABLE_CPP_RTTI = YES;
				GCC_OPTIMIZATION_LEVEL = fast;
				GENERATE_INFOPLIST_FILE = YES;
				HEADER_SEARCH_PATHS = (
					"$(PROJECT_DIR)/ThirdParty/PoissonRecon/Src",
					"$(PROJECT_DIR)/ThirdParty/MeshFix/include",
					"$(PROJECT_DIR)/3D/MeshRepair/Phase2B/ObjCBridge",
					"$(PROJECT_DIR)/3D/MeshRepair/Phase2B/CPP",
				);
				INFOPLIST_FILE = 3D/Info.plist;
				INFOPLIST_KEY_CFBundleDisplayName = 3D;
				INFOPLIST_KEY_LSRequiresIPhoneOS = YES;
				INFOPLIST_KEY_NSCameraUsageDescription = "Camera is used to capture photos for 3D reconstruction.";
				INFOPLIST_KEY_UIApplicationSceneManifest_Generation = YES;
				INFOPLIST_KEY_UIApplicationSupportsIndirectInputEvents = YES;
				INFOPLIST_KEY_UILaunchScreen_Generation = YES;
				INFOPLIST_KEY_UIRequiredDeviceCapabilities = "arm64 arkit";
				INFOPLIST_KEY_UIRequiresFullScreen = YES;
				INFOPLIST_KEY_UIStatusBarHidden = YES;
				INFOPLIST_KEY_UISupportedInterfaceOrientations = UIInterfaceOrientationPortrait;
				IPHONEOS_DEPLOYMENT_TARGET = 18.6;
				LD_RUNPATH_SEARCH_PATHS = (
					"$(inherited)",
					"@executable_path/Frameworks",
				);
				MARKETING_VERSION = 1.0;
				OTHER_CPLUSPLUSFLAGS = (
					"-Wno-unused-parameter",
					"-Wno-sign-compare",
					"-Wno-reorder",
				);
				PRODUCT_BUNDLE_IDENTIFIER = com.lenz.3D;
				PRODUCT_NAME = "$(TARGET_NAME)";
				PROVISIONING_PROFILE_SPECIFIER = "";
				SUPPORTED_PLATFORMS = "iphoneos iphonesimulator";
				SUPPORTS_MACCATALYST = NO;
				SUPPORTS_MAC_DESIGNED_FOR_IPHONE_IPAD = NO;
				SWIFT_EMIT_LOC_STRINGS = YES;
				SWIFT_OBJC_BRIDGING_HEADER = "$(PROJECT_DIR)/3D/MeshRepair/Phase2B/ObjCBridge/3D-Bridging-Header.h";
				SWIFT_VERSION = 5.0;
				TARGETED_DEVICE_FAMILY = 1;
			};
			name = Release;
		};
/* End XCBuildConfiguration section */

/* Begin XCConfigurationList section */
		A800000000000001 /* Build configuration list for PBXNativeTarget "3D" */ = {
			isa = XCConfigurationList;
			buildConfigurations = (
				AC00000000000001 /* Debug */,
				AC00000000000002 /* Release */,
			);
			defaultConfigurationIsVisible = 0;
			defaultConfigurationName = Release;
		};
		AA00000000000001 /* Build configuration list for PBXProject "3D" */ = {
			isa = XCConfigurationList;
			buildConfigurations = (
				AB00000000000001 /* Debug */,
				AB00000000000002 /* Release */,
			);
			defaultConfigurationIsVisible = 0;
			defaultConfigurationName = Release;
		};
/* End XCConfigurationList section */
	};
	rootObject = A900000000000001 /* Project object */;
}
